// !$*UTF8*$!
{
	archiveVersion = 1;
	classes = {
	};
	objectVersion = 50;
	objects = {

/* Begin PBXBuildFile section */
		D0D4C0ED22DFA44B00890604 /* AppDelegate.swift in Sources */ = {isa = PBXBuildFile; fileRef = D0D4C0EC22DFA44B00890604 /* AppDelegate.swift */; };
		D0D4C0EF22DFA44B00890604 /* ViewController.swift in Sources */ = {isa = PBXBuildFile; fileRef = D0D4C0EE22DFA44B00890604 /* ViewController.swift */; };
		D0D4C0F222DFA44B00890604 /* Main.storyboard in Resources */ = {isa = PBXBuildFile; fileRef = D0D4C0F022DFA44B00890604 /* Main.storyboard */; };
		D0D4C0F422DFA44D00890604 /* Assets.xcassets in Resources */ = {isa = PBXBuildFile; fileRef = D0D4C0F322DFA44D00890604 /* Assets.xcassets */; };
		D0D4C0F722DFA44D00890604 /* LaunchScreen.storyboard in Resources */ = {isa = PBXBuildFile; fileRef = D0D4C0F522DFA44D00890604 /* LaunchScreen.storyboard */; };
		D0D4C10522DFC48A00890604 /* secondDiceViewController.swift in Sources */ = {isa = PBXBuildFile; fileRef = D0D4C10422DFC48A00890604 /* secondDiceViewController.swift */; };
/* End PBXBuildFile section */

/* Begin PBXFileReference section */
		D0D4C0E922DFA44B00890604 /* Dice Roll.app */ = {isa = PBXFileReference; explicitFileType = wrapper.application; includeInIndex = 0; path = "Dice Roll.app"; sourceTree = BUILT_PRODUCTS_DIR; };
		D0D4C0EC22DFA44B00890604 /* AppDelegate.swift */ = {isa = PBXFileReference; lastKnownFileType = sourcecode.swift; path = AppDelegate.swift; sourceTree = "<group>"; };
		D0D4C0EE22DFA44B00890604 /* ViewController.swift */ = {isa = PBXFileReference; lastKnownFileType = sourcecode.swift; path = ViewController.swift; sourceTree = "<group>"; };
		D0D4C0F122DFA44B00890604 /* Base */ = {isa = PBXFileReference; lastKnownFileType = file.storyboard; name = Base; path = Base.lproj/Main.storyboard; sourceTree = "<group>"; };
		D0D4C0F322DFA44D00890604 /* Assets.xcassets */ = {isa = PBXFileReference; lastKnownFileType = folder.assetcatalog; path = Assets.xcassets; sourceTree = "<group>"; };
		D0D4C0F622DFA44D00890604 /* Base */ = {isa = PBXFileReference; lastKnownFileType = file.storyboard; name = Base; path = Base.lproj/LaunchScreen.storyboard; sourceTree = "<group>"; };
		D0D4C0F822DFA44D00890604 /* Info.plist */ = {isa = PBXFileReference; lastKnownFileType = text.plist.xml; path = Info.plist; sourceTree = "<group>"; };
		D0D4C10422DFC48A00890604 /* secondDiceViewController.swift */ = {isa = PBXFileReference; lastKnownFileType = sourcecode.swift; path = secondDiceViewController.swift; sourceTree = "<group>"; };
/* End PBXFileReference section */

/* Begin PBXFrameworksBuildPhase section */
		D0D4C0E622DFA44B00890604 /* Frameworks */ = {
			isa = PBXFrameworksBuildPhase;
			buildActionMask = 2147483647;
			files = (
			);
			runOnlyForDeploymentPostprocessing = 0;
		};
/* End PBXFrameworksBuildPhase section */

/* Begin PBXGroup section */
		D0D4C0E022DFA44B00890604 = {
			isa = PBXGroup;
			children = (
				D0D4C0EB22DFA44B00890604 /* Dice Roll */,
				D0D4C0EA22DFA44B00890604 /* Products */,
			);
			sourceTree = "<group>";
		};
		D0D4C0EA22DFA44B00890604 /* Products */ = {
			isa = PBXGroup;
			children = (
				D0D4C0E922DFA44B00890604 /* Dice Roll.app */,
			);
			name = Products;
			sourceTree = "<group>";
		};
		D0D4C0EB22DFA44B00890604 /* Dice Roll */ = {
			isa = PBXGroup;
			children = (
				D0D4C0EC22DFA44B00890604 /* AppDelegate.swift */,
				D0D4C0EE22DFA44B00890604 /* ViewController.swift */,
				D0D4C0F022DFA44B00890604 /* Main.storyboard */,
				D0D4C0F322DFA44D00890604 /* Assets.xcassets */,
				D0D4C0F522DFA44D00890604 /* LaunchScreen.storyboard */,
				D0D4C0F822DFA44D00890604 /* Info.plist */,
				D0D4C10422DFC48A00890604 /* secondDiceViewController.swift */,
			);
			path = "Dice Roll";
			sourceTree = "<group>";
		};
/* End PBXGroup section */

/* Begin PBXNativeTarget section */
		D0D4C0E822DFA44B00890604 /* Dice Roll */ = {
			isa = PBXNativeTarget;
			buildConfigurationList = D0D4C0FB22DFA44D00890604 /* Build configuration list for PBXNativeTarget "Dice Roll" */;
			buildPhases = (
				D0D4C0E522DFA44B00890604 /* Sources */,
				D0D4C0E622DFA44B00890604 /* Frameworks */,
				D0D4C0E722DFA44B00890604 /* Resources */,
			);
			buildRules = (
			);
			dependencies = (
			);
			name = "Dice Roll";
			productName = "Dice Roll";
			productReference = D0D4C0E922DFA44B00890604 /* Dice Roll.app */;
			productType = "com.apple.product-type.application";
		};
/* End PBXNativeTarget section */

/* Begin PBXProject section */
		D0D4C0E122DFA44B00890604 /* Project object */ = {
			isa = PBXProject;
			attributes = {
				LastSwiftUpdateCheck = 1020;
				LastUpgradeCheck = 1020;
				ORGANIZATIONNAME = Matthew;
				TargetAttributes = {
					D0D4C0E822DFA44B00890604 = {
						CreatedOnToolsVersion = 10.2.1;
					};
				};
			};
			buildConfigurationList = D0D4C0E422DFA44B00890604 /* Build configuration list for PBXProject "Dice Roll" */;
			compatibilityVersion = "Xcode 9.3";
			developmentRegion = en;
			hasScannedForEncodings = 0;
			knownRegions = (
				en,
				Base,
			);
			mainGroup = D0D4C0E022DFA44B00890604;
			productRefGroup = D0D4C0EA22DFA44B00890604 /* Products */;
			projectDirPath = "";
			projectRoot = "";
			targets = (
				D0D4C0E822DFA44B00890604 /* Dice Roll */,
			);
		};
/* End PBXProject section */

/* Begin PBXResourcesBuildPhase section */
		D0D4C0E722DFA44B00890604 /* Resources */ = {
			isa = PBXResourcesBuildPhase;
			buildActionMask = 2147483647;
			files = (
				D0D4C0F722DFA44D00890604 /* LaunchScreen.storyboard in Resources */,
				D0D4C0F422DFA44D00890604 /* Assets.xcassets in Resources */,
				D0D4C0F222DFA44B00890604 /* Main.storyboard in Resources */,
			);
			runOnlyForDeploymentPostprocessing = 0;
		};
/* End PBXResourcesBuildPhase section */

/* Begin PBXSourcesBuildPhase section */
		D0D4C0E522DFA44B00890604 /* Sources */ = {
			isa = PBXSourcesBuildPhase;
			buildActionMask = 2147483647;
			files = (
				D0D4C0EF22DFA44B00890604 /* ViewController.swift in Sources */,
				D0D4C0ED22DFA44B00890604 /* AppDelegate.swift in Sources */,
				D0D4C10522DFC48A00890604 /* secondDiceViewController.swift in Sources */,
			);
			runOnlyForDeploymentPostprocessing = 0;
		};
/* End PBXSourcesBuildPhase section */

/* Begin PBXVariantGroup section */
		D0D4C0F022DFA44B00890604 /* Main.storyboard */ = {
			isa = PBXVariantGroup;
			children = (
				D0D4C0F122DFA44B00890604 /* Base */,
			);
			name = Main.storyboard;
			sourceTree = "<group>";
		};
		D0D4C0F522DFA44D00890604 /* LaunchScreen.storyboard */ = {
			isa = PBXVariantGroup;
			children = (
				D0D4C0F622DFA44D00890604 /* Base */,
			);
			name = LaunchScreen.storyboard;
			sourceTree = "<group>";
		};
/* End PBXVariantGroup section */

/* Begin XCBuildConfiguration section */
		D0D4C0F922DFA44D00890604 /* Debug */ = {
			isa = XCBuildConfiguration;
			buildSettings = {
				ALWAYS_SEARCH_USER_PATHS = NO;
				CLANG_ANALYZER_NONNULL = YES;
				CLANG_ANALYZER_NUMBER_OBJECT_CONVERSION = YES_AGGRESSIVE;
				CLANG_CXX_LANGUAGE_STANDARD = "gnu++14";
				CLANG_CXX_LIBRARY = "libc++";
				CLANG_ENABLE_MODULES = YES;
				CLANG_ENABLE_OBJC_ARC = YES;
				CLANG_ENABLE_OBJC_WEAK = YES;
				CLANG_WARN_BLOCK_CAPTURE_AUTORELEASING = YES;
				CLANG_WARN_BOOL_CONVERSION = YES;
				CLANG_WARN_COMMA = YES;
				CLANG_WARN_CONSTANT_CONVERSION = YES;
				CLANG_WARN_DEPRECATED_OBJC_IMPLEMENTATIONS = YES;
				CLANG_WARN_DIRECT_OBJC_ISA_USAGE = YES_ERROR;
				CLANG_WARN_DOCUMENTATION_COMMENTS = YES;
				CLANG_WARN_EMPTY_BODY = YES;
				CLANG_WARN_ENUM_CONVERSION = YES;
				CLANG_WARN_INFINITE_RECURSION = YES;
				CLANG_WARN_INT_CONVERSION = YES;
				CLANG_WARN_NON_LITERAL_NULL_CONVERSION = YES;
				CLANG_WARN_OBJC_IMPLICIT_RETAIN_SELF = YES;
				CLANG_WARN_OBJC_LITERAL_CONVERSION = YES;
				CLANG_WARN_OBJC_ROOT_CLASS = YES_ERROR;
				CLANG_WARN_RANGE_LOOP_ANALYSIS = YES;
				CLANG_WARN_STRICT_PROTOTYPES = YES;
				CLANG_WARN_SUSPICIOUS_MOVE = YES;
				CLANG_WARN_UNGUARDED_AVAILABILITY = YES_AGGRESSIVE;
				CLANG_WARN_UNREACHABLE_CODE = YES;
				CLANG_WARN__DUPLICATE_METHOD_MATCH = YES;
				CODE_SIGN_IDENTITY = "iPhone Developer";
				COPY_PHASE_STRIP = NO;
				DEBUG_INFORMATION_FORMAT = dwarf;
				ENABLE_STRICT_OBJC_MSGSEND = YES;
				ENABLE_TESTABILITY = YES;
				GCC_C_LANGUAGE_STANDARD = gnu11;
				GCC_DYNAMIC_NO_PIC = NO;
				GCC_NO_COMMON_BLOCKS = YES;
				GCC_OPTIMIZATION_LEVEL = 0;
				GCC_PREPROCESSOR_DEFINITIONS = (
					"DEBUG=1",
					"$(inherited)",
				);
				GCC_WARN_64_TO_32_BIT_CONVERSION = YES;
				GCC_WARN_ABOUT_RETURN_TYPE = YES_ERROR;
				GCC_WARN_UNDECLARED_SELECTOR = YES;
				GCC_WARN_UNINITIALIZED_AUTOS = YES_AGGRESSIVE;
				GCC_WARN_UNUSED_FUNCTION = YES;
				GCC_WARN_UNUSED_VARIABLE = YES;
				IPHONEOS_DEPLOYMENT_TARGET = 12.2;
				MTL_ENABLE_DEBUG_INFO = INCLUDE_SOURCE;
				MTL_FAST_MATH = YES;
				ONLY_ACTIVE_ARCH = YES;
				SDKROOT = iphoneos;
				SWIFT_ACTIVE_COMPILATION_CONDITIONS = DEBUG;
				SWIFT_OPTIMIZATION_LEVEL = "-Onone";
			};
			name = Debug;
		};
		D0D4C0FA22DFA44D00890604 /* Release */ = {
			isa = XCBuildConfiguration;
			buildSettings = {
				ALWAYS_SEARCH_USER_PATHS = NO;
				CLANG_ANALYZER_NONNULL = YES;
				CLANG_ANALYZER_NUMBER_OBJECT_CONVERSION = YES_AGGRESSIVE;
				CLANG_CXX_LANGUAGE_STANDARD = "gnu++14";
				CLANG_CXX_LIBRARY = "libc++";
				CLANG_ENABLE_MODULES = YES;
				CLANG_ENABLE_OBJC_ARC = YES;
				CLANG_ENABLE_OBJC_WEAK = YES;
				CLANG_WARN_BLOCK_CAPTURE_AUTORELEASING = YES;
				CLANG_WARN_BOOL_CONVERSION = YES;
				CLANG_WARN_COMMA = YES;
				CLANG_WARN_CONSTANT_CONVERSION = YES;
				CLANG_WARN_DEPRECATED_OBJC_IMPLEMENTATIONS = YES;
				CLANG_WARN_DIRECT_OBJC_ISA_USAGE = YES_ERROR;
				CLANG_WARN_DOCUMENTATION_COMMENTS = YES;
				CLANG_WARN_EMPTY_BODY = YES;
				CLANG_WARN_ENUM_CONVERSION = YES;
				CLANG_WARN_INFINITE_RECURSION = YES;
				CLANG_WARN_INT_CONVERSION = YES;
				CLANG_WARN_NON_LITERAL_NULL_CONVERSION = YES;
				CLANG_WARN_OBJC_IMPLICIT_RETAIN_SELF = YES;
				CLANG_WARN_OBJC_LITERAL_CONVERSION = YES;
				CLANG_WARN_OBJC_ROOT_CLASS = YES_ERROR;
				CLANG_WARN_RANGE_LOOP_ANALYSIS = YES;
				CLANG_WARN_STRICT_PROTOTYPES = YES;
				CLANG_WARN_SUSPICIOUS_MOVE = YES;
				CLANG_WARN_UNGUARDED_AVAILABILITY = YES_AGGRESSIVE;
				CLANG_WARN_UNREACHABLE_CODE = YES;
				CLANG_WARN__DUPLICATE_METHOD_MATCH = YES;
				CODE_SIGN_IDENTITY = "iPhone Developer";
				COPY_PHASE_STRIP = NO;
				DEBUG_INFORMATION_FORMAT = "dwarf-with-dsym";
				ENABLE_NS_ASSERTIONS = NO;
				ENABLE_STRICT_OBJC_MSGSEND = YES;
				GCC_C_LANGUAGE_STANDARD = gnu11;
				GCC_NO_COMMON_BLOCKS = YES;
				GCC_WARN_64_TO_32_BIT_CONVERSION = YES;
				GCC_WARN_ABOUT_RETURN_TYPE = YES_ERROR;
				GCC_WARN_UNDECLARED_SELECTOR = YES;
				GCC_WARN_UNINITIALIZED_AUTOS = YES_AGGRESSIVE;
				GCC_WARN_UNUSED_FUNCTION = YES;
				GCC_WARN_UNUSED_VARIABLE = YES;
				IPHONEOS_DEPLOYMENT_TARGET = 12.2;
				MTL_ENABLE_DEBUG_INFO = NO;
				MTL_FAST_MATH = YES;
				SDKROOT = iphoneos;
				SWIFT_COMPILATION_MODE = wholemodule;
				SWIFT_OPTIMIZATION_LEVEL = "-O";
				VALIDATE_PRODUCT = YES;
			};
			name = Release;
		};
		D0D4C0FC22DFA44D00890604 /* Debug */ = {
			isa = XCBuildConfiguration;
			buildSettings = {
				ASSETCATALOG_COMPILER_APPICON_NAME = AppIcon;
				CODE_SIGN_STYLE = Automatic;
				DEVELOPMENT_TEAM = YAL2DC7A96;
				INFOPLIST_FILE = "Dice Roll/Info.plist";
				LD_RUNPATH_SEARCH_PATHS = (
					"$(inherited)",
					"@executable_path/Frameworks",
				);
				PRODUCT_BUNDLE_IDENTIFIER = "com.spuriq.Dice-Roll";
				PRODUCT_NAME = "$(TARGET_NAME)";
				SWIFT_VERSION = 5.0;
				TARGETED_DEVICE_FAMILY = "1,2";
			};
			name = Debug;
		};
		D0D4C0FD22DFA44D00890604 /* Release */ = {
			isa = XCBuildConfiguration;
			buildSettings = {
				ASSETCATALOG_COMPILER_APPICON_NAME = AppIcon;
				CODE_SIGN_STYLE = Automatic;
				DEVELOPMENT_TEAM = YAL2DC7A96;
				INFOPLIST_FILE = "Dice Roll/Info.plist";
				LD_RUNPATH_SEARCH_PATHS = (
					"$(inherited)",
					"@executable_path/Frameworks",
				);
				PRODUCT_BUNDLE_IDENTIFIER = "com.spuriq.Dice-Roll";
				PRODUCT_NAME = "$(TARGET_NAME)";
				SWIFT_VERSION = 5.0;
				TARGETED_DEVICE_FAMILY = "1,2";
			};
			name = Release;
		};
/* End XCBuildConfiguration section */

/* Begin XCConfigurationList section */
		D0D4C0E422DFA44B00890604 /* Build configuration list for PBXProject "Dice Roll" */ = {
			isa = XCConfigurationList;
			buildConfigurations = (
				D0D4C0F922DFA44D00890604 /* Debug */,
				D0D4C0FA22DFA44D00890604 /* Release */,
			);
			defaultConfigurationIsVisible = 0;
			defaultConfigurationName = Release;
		};
		D0D4C0FB22DFA44D00890604 /* Build configuration list for PBXNativeTarget "Dice Roll" */ = {
			isa = XCConfigurationList;
			buildConfigurations = (
				D0D4C0FC22DFA44D00890604 /* Debug */,
				D0D4C0FD22DFA44D00890604 /* Release */,
			);
			defaultConfigurationIsVisible = 0;
			defaultConfigurationName = Release;
		};
/* End XCConfigurationList section */
	};
	rootObject = D0D4C0E122DFA44B00890604 /* Project object */;
}
